
Microsoft Visual Studio Solution File, Format Version 12.00
# Visual Studio 2012
Project("{FAE04EC0-301F-11D3-BF4B-00C04F79EFBC}") = "clase23Form", "clase23Form\clase23Form.csproj", "{9AE26D6A-183F-4A65-A3FB-694E293B7245}"
EndProject
Global
	GlobalSection(SolutionConfigurationPlatforms) = preSolution
		Debug|Any CPU = Debug|Any CPU
		Release|Any CPU = Release|Any CPU
	EndGlobalSection
	GlobalSection(ProjectConfigurationPlatforms) = postSolution
		{9AE26D6A-183F-4A65-A3FB-694E293B7245}.Debug|Any CPU.ActiveCfg = Debug|Any CPU
		{9AE26D6A-183F-4A65-A3FB-694E293B7245}.Debug|Any CPU.Build.0 = Debug|Any CPU
		{9AE26D6A-183F-4A65-A3FB-694E293B7245}.Release|Any CPU.ActiveCfg = Release|Any CPU
		{9AE26D6A-183F-4A65-A3FB-694E293B7245}.Release|Any CPU.Build.0 = Release|Any CPU
	EndGlobalSection
	GlobalSection(SolutionProperties) = preSolution
		HideSolutionNode = FALSE
	EndGlobalSection
EndGlobal
