
Microsoft Visual Studio Solution File, Format Version 12.00
# Visual Studio 15
VisualStudioVersion = 15.0.27130.2026
MinimumVisualStudioVersion = 10.0.40219.1
Project("{FAE04EC0-301F-11D3-BF4B-00C04F79EFBC}") = "Entidades", "Entidades\Entidades.csproj", "{53EB4EB9-B6D2-4ECE-8537-2251E67013F2}"
EndProject
Project("{FAE04EC0-301F-11D3-BF4B-00C04F79EFBC}") = "SP", "SP\SP.csproj", "{62209599-BBB9-44D2-84B6-26033328E2E4}"
EndProject
Global
	GlobalSection(SolutionConfigurationPlatforms) = preSolution
		Debug|Any CPU = Debug|Any CPU
		Debug|x86 = Debug|x86
		Release|Any CPU = Release|Any CPU
		Release|x86 = Release|x86
	EndGlobalSection
	GlobalSection(ProjectConfigurationPlatforms) = postSolution
		{53EB4EB9-B6D2-4ECE-8537-2251E67013F2}.Debug|Any CPU.ActiveCfg = Debug|Any CPU
		{53EB4EB9-B6D2-4ECE-8537-2251E67013F2}.Debug|Any CPU.Build.0 = Debug|Any CPU
		{53EB4EB9-B6D2-4ECE-8537-2251E67013F2}.Debug|x86.ActiveCfg = Debug|Any CPU
		{53EB4EB9-B6D2-4ECE-8537-2251E67013F2}.Debug|x86.Build.0 = Debug|Any CPU
		{53EB4EB9-B6D2-4ECE-8537-2251E67013F2}.Release|Any CPU.ActiveCfg = Release|Any CPU
		{53EB4EB9-B6D2-4ECE-8537-2251E67013F2}.Release|Any CPU.Build.0 = Release|Any CPU
		{53EB4EB9-B6D2-4ECE-8537-2251E67013F2}.Release|x86.ActiveCfg = Release|Any CPU
		{53EB4EB9-B6D2-4ECE-8537-2251E67013F2}.Release|x86.Build.0 = Release|Any CPU
		{62209599-BBB9-44D2-84B6-26033328E2E4}.Debug|Any CPU.ActiveCfg = Debug|Any CPU
		{62209599-BBB9-44D2-84B6-26033328E2E4}.Debug|Any CPU.Build.0 = Debug|Any CPU
		{62209599-BBB9-44D2-84B6-26033328E2E4}.Debug|x86.ActiveCfg = Debug|Any CPU
		{62209599-BBB9-44D2-84B6-26033328E2E4}.Debug|x86.Build.0 = Debug|Any CPU
		{62209599-BBB9-44D2-84B6-26033328E2E4}.Release|Any CPU.ActiveCfg = Release|Any CPU
		{62209599-BBB9-44D2-84B6-26033328E2E4}.Release|Any CPU.Build.0 = Release|Any CPU
		{62209599-BBB9-44D2-84B6-26033328E2E4}.Release|x86.ActiveCfg = Release|Any CPU
		{62209599-BBB9-44D2-84B6-26033328E2E4}.Release|x86.Build.0 = Release|Any CPU
	EndGlobalSection
	GlobalSection(SolutionProperties) = preSolution
		HideSolutionNode = FALSE
	EndGlobalSection
	GlobalSection(ExtensibilityGlobals) = postSolution
		SolutionGuid = {1C573625-1457-4FAB-BF31-D9EAD9D8DB93}
	EndGlobalSection
EndGlobal
