
Microsoft Visual Studio Solution File, Format Version 12.00
# Visual Studio 15
VisualStudioVersion = 15.0.27130.2026
MinimumVisualStudioVersion = 10.0.40219.1
Project("{FAE04EC0-301F-11D3-BF4B-00C04F79EFBC}") = "Persona", "Persona\Persona.csproj", "{9BB31A43-0968-44C4-A889-2C0774903B71}"
EndProject
Project("{FAE04EC0-301F-11D3-BF4B-00C04F79EFBC}") = "ElMain", "ElMain\ElMain.csproj", "{71B2EC08-245E-44A3-837E-1E8BC560D852}"
EndProject
Global
	GlobalSection(SolutionConfigurationPlatforms) = preSolution
		Debug|Any CPU = Debug|Any CPU
		Release|Any CPU = Release|Any CPU
	EndGlobalSection
	GlobalSection(ProjectConfigurationPlatforms) = postSolution
		{9BB31A43-0968-44C4-A889-2C0774903B71}.Debug|Any CPU.ActiveCfg = Debug|Any CPU
		{9BB31A43-0968-44C4-A889-2C0774903B71}.Debug|Any CPU.Build.0 = Debug|Any CPU
		{9BB31A43-0968-44C4-A889-2C0774903B71}.Release|Any CPU.ActiveCfg = Release|Any CPU
		{9BB31A43-0968-44C4-A889-2C0774903B71}.Release|Any CPU.Build.0 = Release|Any CPU
		{71B2EC08-245E-44A3-837E-1E8BC560D852}.Debug|Any CPU.ActiveCfg = Debug|Any CPU
		{71B2EC08-245E-44A3-837E-1E8BC560D852}.Debug|Any CPU.Build.0 = Debug|Any CPU
		{71B2EC08-245E-44A3-837E-1E8BC560D852}.Release|Any CPU.ActiveCfg = Release|Any CPU
		{71B2EC08-245E-44A3-837E-1E8BC560D852}.Release|Any CPU.Build.0 = Release|Any CPU
	EndGlobalSection
	GlobalSection(SolutionProperties) = preSolution
		HideSolutionNode = FALSE
	EndGlobalSection
	GlobalSection(ExtensibilityGlobals) = postSolution
		SolutionGuid = {74649A0F-5301-41E5-82EA-833B1E541365}
	EndGlobalSection
EndGlobal
